
Microsoft Visual Studio Solution File, Format Version 12.00
# Visual Studio Version 17
VisualStudioVersion = 17.3.32929.385
MinimumVisualStudioVersion = 10.0.40219.1
Project("{9A19103F-16F7-4668-BE54-9A1E7A4F7556}") = "OrderPlease", "OrderPlease\OrderPlease.csproj", "{E13F3DF6-07C7-4E0F-92D6-8D27FCE4DF04}"
EndProject
Project("{9A19103F-16F7-4668-BE54-9A1E7A4F7556}") = "Possibility", "Possibility\Possibility.csproj", "{B0F7794E-CEBB-4FD0-BEB6-E6B0E42E3EFA}"
EndProject
Project("{9A19103F-16F7-4668-BE54-9A1E7A4F7556}") = "GuessWhat", "GuessWhat\GuessWhat.csproj", "{0484CC31-8CC4-473F-9EA9-97E78243BD80}"
EndProject
Project("{FAE04EC0-301F-11D3-BF4B-00C04F79EFBC}") = "Identity", "Identity\Identity.csproj", "{F6955558-81D4-4003-83E7-8CB5344C822A}"
EndProject
Project("{FAE04EC0-301F-11D3-BF4B-00C04F79EFBC}") = "WhereItIs", "WhereItIs\WhereItIs.csproj", "{12E28349-0CCD-4476-BB09-B556C4B8A28F}"
EndProject
Global
	GlobalSection(SolutionConfigurationPlatforms) = preSolution
		Debug|Any CPU = Debug|Any CPU
		Release|Any CPU = Release|Any CPU
	EndGlobalSection
	GlobalSection(ProjectConfigurationPlatforms) = postSolution
		{E13F3DF6-07C7-4E0F-92D6-8D27FCE4DF04}.Debug|Any CPU.ActiveCfg = Debug|Any CPU
		{E13F3DF6-07C7-4E0F-92D6-8D27FCE4DF04}.Debug|Any CPU.Build.0 = Debug|Any CPU
		{E13F3DF6-07C7-4E0F-92D6-8D27FCE4DF04}.Release|Any CPU.ActiveCfg = Release|Any CPU
		{E13F3DF6-07C7-4E0F-92D6-8D27FCE4DF04}.Release|Any CPU.Build.0 = Release|Any CPU
		{B0F7794E-CEBB-4FD0-BEB6-E6B0E42E3EFA}.Debug|Any CPU.ActiveCfg = Debug|Any CPU
		{B0F7794E-CEBB-4FD0-BEB6-E6B0E42E3EFA}.Debug|Any CPU.Build.0 = Debug|Any CPU
		{B0F7794E-CEBB-4FD0-BEB6-E6B0E42E3EFA}.Release|Any CPU.ActiveCfg = Release|Any CPU
		{B0F7794E-CEBB-4FD0-BEB6-E6B0E42E3EFA}.Release|Any CPU.Build.0 = Release|Any CPU
		{0484CC31-8CC4-473F-9EA9-97E78243BD80}.Debug|Any CPU.ActiveCfg = Debug|Any CPU
		{0484CC31-8CC4-473F-9EA9-97E78243BD80}.Debug|Any CPU.Build.0 = Debug|Any CPU
		{0484CC31-8CC4-473F-9EA9-97E78243BD80}.Release|Any CPU.ActiveCfg = Release|Any CPU
		{0484CC31-8CC4-473F-9EA9-97E78243BD80}.Release|Any CPU.Build.0 = Release|Any CPU
		{F6955558-81D4-4003-83E7-8CB5344C822A}.Debug|Any CPU.ActiveCfg = Debug|Any CPU
		{F6955558-81D4-4003-83E7-8CB5344C822A}.Debug|Any CPU.Build.0 = Debug|Any CPU
		{F6955558-81D4-4003-83E7-8CB5344C822A}.Release|Any CPU.ActiveCfg = Release|Any CPU
		{F6955558-81D4-4003-83E7-8CB5344C822A}.Release|Any CPU.Build.0 = Release|Any CPU
		{12E28349-0CCD-4476-BB09-B556C4B8A28F}.Debug|Any CPU.ActiveCfg = Debug|Any CPU
		{12E28349-0CCD-4476-BB09-B556C4B8A28F}.Debug|Any CPU.Build.0 = Debug|Any CPU
		{12E28349-0CCD-4476-BB09-B556C4B8A28F}.Release|Any CPU.ActiveCfg = Release|Any CPU
		{12E28349-0CCD-4476-BB09-B556C4B8A28F}.Release|Any CPU.Build.0 = Release|Any CPU
	EndGlobalSection
	GlobalSection(SolutionProperties) = preSolution
		HideSolutionNode = FALSE
	EndGlobalSection
	GlobalSection(ExtensibilityGlobals) = postSolution
		SolutionGuid = {B79E962B-DC3A-4E33-893A-C9AF4D98B39B}
	EndGlobalSection
EndGlobal
